
Microsoft Visual Studio Solution File, Format Version 12.00
# Visual Studio 15
VisualStudioVersion = 15.0.27130.2026
MinimumVisualStudioVersion = 10.0.40219.1
Project("{9A19103F-16F7-4668-BE54-9A1E7A4F7556}") = "LibraryAppMVC", "LibraryAppMVC\LibraryAppMVC.csproj", "{866F8A80-EB4C-448A-BEE0-4AE61D9D658F}"
EndProject
Project("{9A19103F-16F7-4668-BE54-9A1E7A4F7556}") = "DatabaseConnect", "DatabaseConnect\DatabaseConnect.csproj", "{4B899F9E-21F6-497E-843D-BBD896BB7151}"
EndProject
Global
	GlobalSection(SolutionConfigurationPlatforms) = preSolution
		Debug|Any CPU = Debug|Any CPU
		Release|Any CPU = Release|Any CPU
	EndGlobalSection
	GlobalSection(ProjectConfigurationPlatforms) = postSolution
		{866F8A80-EB4C-448A-BEE0-4AE61D9D658F}.Debug|Any CPU.ActiveCfg = Debug|Any CPU
		{866F8A80-EB4C-448A-BEE0-4AE61D9D658F}.Debug|Any CPU.Build.0 = Debug|Any CPU
		{866F8A80-EB4C-448A-BEE0-4AE61D9D658F}.Release|Any CPU.ActiveCfg = Release|Any CPU
		{866F8A80-EB4C-448A-BEE0-4AE61D9D658F}.Release|Any CPU.Build.0 = Release|Any CPU
		{4B899F9E-21F6-497E-843D-BBD896BB7151}.Debug|Any CPU.ActiveCfg = Debug|Any CPU
		{4B899F9E-21F6-497E-843D-BBD896BB7151}.Debug|Any CPU.Build.0 = Debug|Any CPU
		{4B899F9E-21F6-497E-843D-BBD896BB7151}.Release|Any CPU.ActiveCfg = Release|Any CPU
		{4B899F9E-21F6-497E-843D-BBD896BB7151}.Release|Any CPU.Build.0 = Release|Any CPU
	EndGlobalSection
	GlobalSection(SolutionProperties) = preSolution
		HideSolutionNode = FALSE
	EndGlobalSection
	GlobalSection(ExtensibilityGlobals) = postSolution
		SolutionGuid = {FC7565A1-16AC-465B-9121-903F72B64AA8}
	EndGlobalSection
EndGlobal
